
Microsoft Visual Studio Solution File, Format Version 12.00
# Visual Studio Version 16
VisualStudioVersion = 16.0.29519.87
MinimumVisualStudioVersion = 10.0.40219.1
Project("{FAE04EC0-301F-11D3-BF4B-00C04F79EFBC}") = "DataAccess", "DataAccess\DataAccess.csproj", "{6B2C31D9-8A13-4FA2-89EF-E669DD3DE1E1}"
EndProject
Project("{FAE04EC0-301F-11D3-BF4B-00C04F79EFBC}") = "PortalMaggieCard", "PortalMaggieCard\PortalMaggieCard.csproj", "{75171990-D20C-4C58-8647-0502D0583894}"
EndProject
Global
	GlobalSection(SolutionConfigurationPlatforms) = preSolution
		Debug|Any CPU = Debug|Any CPU
		Release|Any CPU = Release|Any CPU
	EndGlobalSection
	GlobalSection(ProjectConfigurationPlatforms) = postSolution
		{6B2C31D9-8A13-4FA2-89EF-E669DD3DE1E1}.Debug|Any CPU.ActiveCfg = Debug|Any CPU
		{6B2C31D9-8A13-4FA2-89EF-E669DD3DE1E1}.Debug|Any CPU.Build.0 = Debug|Any CPU
		{6B2C31D9-8A13-4FA2-89EF-E669DD3DE1E1}.Release|Any CPU.ActiveCfg = Release|Any CPU
		{6B2C31D9-8A13-4FA2-89EF-E669DD3DE1E1}.Release|Any CPU.Build.0 = Release|Any CPU
		{75171990-D20C-4C58-8647-0502D0583894}.Debug|Any CPU.ActiveCfg = Debug|Any CPU
		{75171990-D20C-4C58-8647-0502D0583894}.Debug|Any CPU.Build.0 = Debug|Any CPU
		{75171990-D20C-4C58-8647-0502D0583894}.Release|Any CPU.ActiveCfg = Release|Any CPU
		{75171990-D20C-4C58-8647-0502D0583894}.Release|Any CPU.Build.0 = Release|Any CPU
	EndGlobalSection
	GlobalSection(SolutionProperties) = preSolution
		HideSolutionNode = FALSE
	EndGlobalSection
	GlobalSection(ExtensibilityGlobals) = postSolution
		SolutionGuid = {C57A22C8-7366-423C-8AFB-576EF2D1FC0E}
	EndGlobalSection
EndGlobal
